
Microsoft Visual Studio Solution File, Format Version 12.00
# Visual Studio Version 16
VisualStudioVersion = 16.0.31605.320
MinimumVisualStudioVersion = 10.0.40219.1
Project("{FAE04EC0-301F-11D3-BF4B-00C04F79EFBC}") = "AspNetCoreMVC", "AspNetCoreMVC.csproj", "{0723DEA8-A0DC-47AB-90EB-7C14105E22B7}"
EndProject
Global
	GlobalSection(SolutionConfigurationPlatforms) = preSolution
		Debug|Any CPU = Debug|Any CPU
		Release|Any CPU = Release|Any CPU
	EndGlobalSection
	GlobalSection(ProjectConfigurationPlatforms) = postSolution
		{0723DEA8-A0DC-47AB-90EB-7C14105E22B7}.Debug|Any CPU.ActiveCfg = Debug|Any CPU
		{0723DEA8-A0DC-47AB-90EB-7C14105E22B7}.Debug|Any CPU.Build.0 = Debug|Any CPU
		{0723DEA8-A0DC-47AB-90EB-7C14105E22B7}.Release|Any CPU.ActiveCfg = Release|Any CPU
		{0723DEA8-A0DC-47AB-90EB-7C14105E22B7}.Release|Any CPU.Build.0 = Release|Any CPU
	EndGlobalSection
	GlobalSection(SolutionProperties) = preSolution
		HideSolutionNode = FALSE
	EndGlobalSection
	GlobalSection(ExtensibilityGlobals) = postSolution
		SolutionGuid = {10B93DCE-29C5-491C-B45C-836485F244D6}
	EndGlobalSection
EndGlobal
